
Microsoft Visual Studio Solution File, Format Version 12.00
Project("{FAE04EC0-301F-11D3-BF4B-00C04F79EFBC}") = "BOURGOGNE_Charlotte_TP3_ST2TRD", "BOURGOGNE_Charlotte_TP3_ST2TRD\BOURGOGNE_Charlotte_TP3_ST2TRD.csproj", "{0E97CED5-04DF-4E59-8679-1B40E007AD6A}"
EndProject
Global
	GlobalSection(SolutionConfigurationPlatforms) = preSolution
		Debug|Any CPU = Debug|Any CPU
		Release|Any CPU = Release|Any CPU
	EndGlobalSection
	GlobalSection(ProjectConfigurationPlatforms) = postSolution
		{0E97CED5-04DF-4E59-8679-1B40E007AD6A}.Debug|Any CPU.ActiveCfg = Debug|Any CPU
		{0E97CED5-04DF-4E59-8679-1B40E007AD6A}.Debug|Any CPU.Build.0 = Debug|Any CPU
		{0E97CED5-04DF-4E59-8679-1B40E007AD6A}.Release|Any CPU.ActiveCfg = Release|Any CPU
		{0E97CED5-04DF-4E59-8679-1B40E007AD6A}.Release|Any CPU.Build.0 = Release|Any CPU
	EndGlobalSection
EndGlobal
